
Microsoft Visual Studio Solution File, Format Version 12.00
# Visual Studio Version 16
VisualStudioVersion = 16.0.30413.136
MinimumVisualStudioVersion = 10.0.40219.1
Project("{FAE04EC0-301F-11D3-BF4B-00C04F79EFBC}") = "BulkyBook", "BulkyBook\BulkyBook.csproj", "{E4B2AF4F-BBDE-41D5-AE0E-C76E36EB649B}"
EndProject
Project("{FAE04EC0-301F-11D3-BF4B-00C04F79EFBC}") = "BulkyBook.DataAccess", "BulkyBook.DataAccess\BulkyBook.DataAccess.csproj", "{9685B8F9-B297-41A7-B92E-43AA5D64F393}"
EndProject
Project("{FAE04EC0-301F-11D3-BF4B-00C04F79EFBC}") = "BulkyBook.Models", "BulkyBook.Models\BulkyBook.Models.csproj", "{C501652C-5322-45AB-9AC5-DECFB060A200}"
EndProject
Project("{FAE04EC0-301F-11D3-BF4B-00C04F79EFBC}") = "BulkyBook.Utility", "BulkyBook.Utility\BulkyBook.Utility.csproj", "{771FAC6A-2B9F-402C-8876-8C32DDB61438}"
EndProject
Global
	GlobalSection(SolutionConfigurationPlatforms) = preSolution
		Debug|Any CPU = Debug|Any CPU
		Release|Any CPU = Release|Any CPU
	EndGlobalSection
	GlobalSection(ProjectConfigurationPlatforms) = postSolution
		{E4B2AF4F-BBDE-41D5-AE0E-C76E36EB649B}.Debug|Any CPU.ActiveCfg = Debug|Any CPU
		{E4B2AF4F-BBDE-41D5-AE0E-C76E36EB649B}.Debug|Any CPU.Build.0 = Debug|Any CPU
		{E4B2AF4F-BBDE-41D5-AE0E-C76E36EB649B}.Release|Any CPU.ActiveCfg = Release|Any CPU
		{E4B2AF4F-BBDE-41D5-AE0E-C76E36EB649B}.Release|Any CPU.Build.0 = Release|Any CPU
		{9685B8F9-B297-41A7-B92E-43AA5D64F393}.Debug|Any CPU.ActiveCfg = Debug|Any CPU
		{9685B8F9-B297-41A7-B92E-43AA5D64F393}.Debug|Any CPU.Build.0 = Debug|Any CPU
		{9685B8F9-B297-41A7-B92E-43AA5D64F393}.Release|Any CPU.ActiveCfg = Release|Any CPU
		{9685B8F9-B297-41A7-B92E-43AA5D64F393}.Release|Any CPU.Build.0 = Release|Any CPU
		{C501652C-5322-45AB-9AC5-DECFB060A200}.Debug|Any CPU.ActiveCfg = Debug|Any CPU
		{C501652C-5322-45AB-9AC5-DECFB060A200}.Debug|Any CPU.Build.0 = Debug|Any CPU
		{C501652C-5322-45AB-9AC5-DECFB060A200}.Release|Any CPU.ActiveCfg = Release|Any CPU
		{C501652C-5322-45AB-9AC5-DECFB060A200}.Release|Any CPU.Build.0 = Release|Any CPU
		{771FAC6A-2B9F-402C-8876-8C32DDB61438}.Debug|Any CPU.ActiveCfg = Debug|Any CPU
		{771FAC6A-2B9F-402C-8876-8C32DDB61438}.Debug|Any CPU.Build.0 = Debug|Any CPU
		{771FAC6A-2B9F-402C-8876-8C32DDB61438}.Release|Any CPU.ActiveCfg = Release|Any CPU
		{771FAC6A-2B9F-402C-8876-8C32DDB61438}.Release|Any CPU.Build.0 = Release|Any CPU
	EndGlobalSection
	GlobalSection(SolutionProperties) = preSolution
		HideSolutionNode = FALSE
	EndGlobalSection
	GlobalSection(ExtensibilityGlobals) = postSolution
		SolutionGuid = {31D2F88F-D2D3-4211-AC13-BBF95436FDDD}
	EndGlobalSection
EndGlobal
